
Microsoft Visual Studio Solution File, Format Version 12.00
# Visual Studio Version 17
VisualStudioVersion = 17.3.32929.385
MinimumVisualStudioVersion = 10.0.40219.1
Project("{9A19103F-16F7-4668-BE54-9A1E7A4F7556}") = "Arrays", "Arrays\Arrays.csproj", "{4B6FA790-EA2B-4E56-8599-9D2221FB6FD8}"
EndProject
Project("{9A19103F-16F7-4668-BE54-9A1E7A4F7556}") = "Stacks", "Stacks\Stacks.csproj", "{9DA0E1D0-4F7E-4920-BFA3-969E5008DA7D}"
EndProject
Project("{9A19103F-16F7-4668-BE54-9A1E7A4F7556}") = "Queues", "Queues\Queues.csproj", "{9AC699BA-6566-419C-B173-17FB9C1FBD06}"
EndProject
Project("{9A19103F-16F7-4668-BE54-9A1E7A4F7556}") = "Hashtables", "Hashtables\Hashtables.csproj", "{7E585B12-D91C-4CB6-BB4D-E831D5DAFDA8}"
EndProject
Project("{FAE04EC0-301F-11D3-BF4B-00C04F79EFBC}") = "Dictionaries", "Dictionaries\Dictionaries.csproj", "{C2E60FE1-00A7-4E6F-885C-CF26CA60ABFB}"
EndProject
Global
	GlobalSection(SolutionConfigurationPlatforms) = preSolution
		Debug|Any CPU = Debug|Any CPU
		Release|Any CPU = Release|Any CPU
	EndGlobalSection
	GlobalSection(ProjectConfigurationPlatforms) = postSolution
		{4B6FA790-EA2B-4E56-8599-9D2221FB6FD8}.Debug|Any CPU.ActiveCfg = Debug|Any CPU
		{4B6FA790-EA2B-4E56-8599-9D2221FB6FD8}.Debug|Any CPU.Build.0 = Debug|Any CPU
		{4B6FA790-EA2B-4E56-8599-9D2221FB6FD8}.Release|Any CPU.ActiveCfg = Release|Any CPU
		{4B6FA790-EA2B-4E56-8599-9D2221FB6FD8}.Release|Any CPU.Build.0 = Release|Any CPU
		{9DA0E1D0-4F7E-4920-BFA3-969E5008DA7D}.Debug|Any CPU.ActiveCfg = Debug|Any CPU
		{9DA0E1D0-4F7E-4920-BFA3-969E5008DA7D}.Debug|Any CPU.Build.0 = Debug|Any CPU
		{9DA0E1D0-4F7E-4920-BFA3-969E5008DA7D}.Release|Any CPU.ActiveCfg = Release|Any CPU
		{9DA0E1D0-4F7E-4920-BFA3-969E5008DA7D}.Release|Any CPU.Build.0 = Release|Any CPU
		{9AC699BA-6566-419C-B173-17FB9C1FBD06}.Debug|Any CPU.ActiveCfg = Debug|Any CPU
		{9AC699BA-6566-419C-B173-17FB9C1FBD06}.Debug|Any CPU.Build.0 = Debug|Any CPU
		{9AC699BA-6566-419C-B173-17FB9C1FBD06}.Release|Any CPU.ActiveCfg = Release|Any CPU
		{9AC699BA-6566-419C-B173-17FB9C1FBD06}.Release|Any CPU.Build.0 = Release|Any CPU
		{7E585B12-D91C-4CB6-BB4D-E831D5DAFDA8}.Debug|Any CPU.ActiveCfg = Debug|Any CPU
		{7E585B12-D91C-4CB6-BB4D-E831D5DAFDA8}.Debug|Any CPU.Build.0 = Debug|Any CPU
		{7E585B12-D91C-4CB6-BB4D-E831D5DAFDA8}.Release|Any CPU.ActiveCfg = Release|Any CPU
		{7E585B12-D91C-4CB6-BB4D-E831D5DAFDA8}.Release|Any CPU.Build.0 = Release|Any CPU
		{C2E60FE1-00A7-4E6F-885C-CF26CA60ABFB}.Debug|Any CPU.ActiveCfg = Debug|Any CPU
		{C2E60FE1-00A7-4E6F-885C-CF26CA60ABFB}.Debug|Any CPU.Build.0 = Debug|Any CPU
		{C2E60FE1-00A7-4E6F-885C-CF26CA60ABFB}.Release|Any CPU.ActiveCfg = Release|Any CPU
		{C2E60FE1-00A7-4E6F-885C-CF26CA60ABFB}.Release|Any CPU.Build.0 = Release|Any CPU
	EndGlobalSection
	GlobalSection(SolutionProperties) = preSolution
		HideSolutionNode = FALSE
	EndGlobalSection
	GlobalSection(ExtensibilityGlobals) = postSolution
		SolutionGuid = {4E6DA7C2-E767-4C16-8AD1-A157D3101A5F}
	EndGlobalSection
EndGlobal
